
Microsoft Visual Studio Solution File, Format Version 12.00
# Visual Studio Version 16
VisualStudioVersion = 16.0.31205.134
MinimumVisualStudioVersion = 10.0.40219.1
Project("{9A19103F-16F7-4668-BE54-9A1E7A4F7556}") = "Szamologep", "Szamologep\Szamologep.csproj", "{ECF1410F-3686-48E3-8F32-55DDE6CEB021}"
EndProject
Project("{9A19103F-16F7-4668-BE54-9A1E7A4F7556}") = "Szamologep.Tests", "Szamologep.Tests\Szamologep.Tests.csproj", "{FA169223-405E-4CA9-AC46-88A3A1555A59}"
EndProject
Project("{9A19103F-16F7-4668-BE54-9A1E7A4F7556}") = "Szamologep.Lib", "Szamologep.Lib\Szamologep.Lib.csproj", "{09B4AEA1-74B9-4894-8BC6-BE069DB13701}"
EndProject
Project("{FAE04EC0-301F-11D3-BF4B-00C04F79EFBC}") = "Bongeszoben", "Bongeszoben\Bongeszoben.csproj", "{78CE12B2-5763-406F-878A-6AFB065B87CD}"
EndProject
Global
	GlobalSection(SolutionConfigurationPlatforms) = preSolution
		Debug|Any CPU = Debug|Any CPU
		Release|Any CPU = Release|Any CPU
	EndGlobalSection
	GlobalSection(ProjectConfigurationPlatforms) = postSolution
		{ECF1410F-3686-48E3-8F32-55DDE6CEB021}.Debug|Any CPU.ActiveCfg = Debug|Any CPU
		{ECF1410F-3686-48E3-8F32-55DDE6CEB021}.Debug|Any CPU.Build.0 = Debug|Any CPU
		{ECF1410F-3686-48E3-8F32-55DDE6CEB021}.Release|Any CPU.ActiveCfg = Release|Any CPU
		{ECF1410F-3686-48E3-8F32-55DDE6CEB021}.Release|Any CPU.Build.0 = Release|Any CPU
		{FA169223-405E-4CA9-AC46-88A3A1555A59}.Debug|Any CPU.ActiveCfg = Debug|Any CPU
		{FA169223-405E-4CA9-AC46-88A3A1555A59}.Debug|Any CPU.Build.0 = Debug|Any CPU
		{FA169223-405E-4CA9-AC46-88A3A1555A59}.Release|Any CPU.ActiveCfg = Release|Any CPU
		{FA169223-405E-4CA9-AC46-88A3A1555A59}.Release|Any CPU.Build.0 = Release|Any CPU
		{09B4AEA1-74B9-4894-8BC6-BE069DB13701}.Debug|Any CPU.ActiveCfg = Debug|Any CPU
		{09B4AEA1-74B9-4894-8BC6-BE069DB13701}.Debug|Any CPU.Build.0 = Debug|Any CPU
		{09B4AEA1-74B9-4894-8BC6-BE069DB13701}.Release|Any CPU.ActiveCfg = Release|Any CPU
		{09B4AEA1-74B9-4894-8BC6-BE069DB13701}.Release|Any CPU.Build.0 = Release|Any CPU
		{78CE12B2-5763-406F-878A-6AFB065B87CD}.Debug|Any CPU.ActiveCfg = Debug|Any CPU
		{78CE12B2-5763-406F-878A-6AFB065B87CD}.Debug|Any CPU.Build.0 = Debug|Any CPU
		{78CE12B2-5763-406F-878A-6AFB065B87CD}.Release|Any CPU.ActiveCfg = Release|Any CPU
		{78CE12B2-5763-406F-878A-6AFB065B87CD}.Release|Any CPU.Build.0 = Release|Any CPU
	EndGlobalSection
	GlobalSection(SolutionProperties) = preSolution
		HideSolutionNode = FALSE
	EndGlobalSection
	GlobalSection(ExtensibilityGlobals) = postSolution
		SolutionGuid = {59ED9227-710A-474A-8812-503442FC61E3}
	EndGlobalSection
EndGlobal
